
Microsoft Visual Studio Solution File, Format Version 12.00
# Visual Studio Version 17
VisualStudioVersion = 17.13.35931.197 d17.13
MinimumVisualStudioVersion = 10.0.40219.1
Project("{FAE04EC0-301F-11D3-BF4B-00C04F79EFBC}") = "surprise", "surprise\surprise.csproj", "{1B476168-2485-4CA2-893E-0B4C8C508783}"
EndProject
Global
	GlobalSection(SolutionConfigurationPlatforms) = preSolution
		Debug|Any CPU = Debug|Any CPU
		Release|Any CPU = Release|Any CPU
	EndGlobalSection
	GlobalSection(ProjectConfigurationPlatforms) = postSolution
		{1B476168-2485-4CA2-893E-0B4C8C508783}.Debug|Any CPU.ActiveCfg = Debug|Any CPU
		{1B476168-2485-4CA2-893E-0B4C8C508783}.Debug|Any CPU.Build.0 = Debug|Any CPU
		{1B476168-2485-4CA2-893E-0B4C8C508783}.Release|Any CPU.ActiveCfg = Release|Any CPU
		{1B476168-2485-4CA2-893E-0B4C8C508783}.Release|Any CPU.Build.0 = Release|Any CPU
	EndGlobalSection
	GlobalSection(SolutionProperties) = preSolution
		HideSolutionNode = FALSE
	EndGlobalSection
	GlobalSection(ExtensibilityGlobals) = postSolution
		SolutionGuid = {39B94A93-309B-4CFE-8F01-5A525974D3DF}
	EndGlobalSection
EndGlobal
